
Microsoft Visual Studio Solution File, Format Version 12.00
# Visual Studio 14
VisualStudioVersion = 14.0.25420.1
MinimumVisualStudioVersion = 10.0.40219.1
Project("{FAE04EC0-301F-11D3-BF4B-00C04F79EFBC}") = "SingleResponsibilityPrinciple", "SingleResponsibilityPrinciple\SingleResponsibilityPrinciple.csproj", "{76A13E37-4883-4746-96BD-07E42B0634C6}"
EndProject
Project("{FAE04EC0-301F-11D3-BF4B-00C04F79EFBC}") = "OpenClosedPrinciple", "OpenClosedPrinciple\OpenClosedPrinciple.csproj", "{10044308-CFB1-4EB1-A813-895B4B609AD7}"
EndProject
Project("{FAE04EC0-301F-11D3-BF4B-00C04F79EFBC}") = "LiskovSubstitutionPrinciple", "LiskovSubstitutionPrinciple\LiskovSubstitutionPrinciple.csproj", "{905FD3BE-792B-480C-B88D-50BB91D8B679}"
EndProject
Project("{FAE04EC0-301F-11D3-BF4B-00C04F79EFBC}") = "InterfaceSegregationPrinciple", "InterfaceSegregationPrinciple\InterfaceSegregationPrinciple.csproj", "{40FBA660-9518-4DEC-BF29-414EF4303120}"
EndProject
Global
	GlobalSection(SolutionConfigurationPlatforms) = preSolution
		Debug|Any CPU = Debug|Any CPU
		Release|Any CPU = Release|Any CPU
	EndGlobalSection
	GlobalSection(ProjectConfigurationPlatforms) = postSolution
		{76A13E37-4883-4746-96BD-07E42B0634C6}.Debug|Any CPU.ActiveCfg = Debug|Any CPU
		{76A13E37-4883-4746-96BD-07E42B0634C6}.Debug|Any CPU.Build.0 = Debug|Any CPU
		{76A13E37-4883-4746-96BD-07E42B0634C6}.Release|Any CPU.ActiveCfg = Release|Any CPU
		{76A13E37-4883-4746-96BD-07E42B0634C6}.Release|Any CPU.Build.0 = Release|Any CPU
		{10044308-CFB1-4EB1-A813-895B4B609AD7}.Debug|Any CPU.ActiveCfg = Debug|Any CPU
		{10044308-CFB1-4EB1-A813-895B4B609AD7}.Debug|Any CPU.Build.0 = Debug|Any CPU
		{10044308-CFB1-4EB1-A813-895B4B609AD7}.Release|Any CPU.ActiveCfg = Release|Any CPU
		{10044308-CFB1-4EB1-A813-895B4B609AD7}.Release|Any CPU.Build.0 = Release|Any CPU
		{905FD3BE-792B-480C-B88D-50BB91D8B679}.Debug|Any CPU.ActiveCfg = Debug|Any CPU
		{905FD3BE-792B-480C-B88D-50BB91D8B679}.Debug|Any CPU.Build.0 = Debug|Any CPU
		{905FD3BE-792B-480C-B88D-50BB91D8B679}.Release|Any CPU.ActiveCfg = Release|Any CPU
		{905FD3BE-792B-480C-B88D-50BB91D8B679}.Release|Any CPU.Build.0 = Release|Any CPU
		{40FBA660-9518-4DEC-BF29-414EF4303120}.Debug|Any CPU.ActiveCfg = Debug|Any CPU
		{40FBA660-9518-4DEC-BF29-414EF4303120}.Debug|Any CPU.Build.0 = Debug|Any CPU
		{40FBA660-9518-4DEC-BF29-414EF4303120}.Release|Any CPU.ActiveCfg = Release|Any CPU
		{40FBA660-9518-4DEC-BF29-414EF4303120}.Release|Any CPU.Build.0 = Release|Any CPU
	EndGlobalSection
	GlobalSection(SolutionProperties) = preSolution
		HideSolutionNode = FALSE
	EndGlobalSection
EndGlobal
